
Microsoft Visual Studio Solution File, Format Version 12.00
# Visual Studio Version 17
VisualStudioVersion = 17.14.36705.20
MinimumVisualStudioVersion = 10.0.40219.1
Project("{FAE04EC0-301F-11D3-BF4B-00C04F79EFBC}") = "Another Great Forum", "Another Great Forum.csproj", "{BDF31532-5E77-4EBC-BB84-E9EC08724BE5}"
EndProject
Project("{FAE04EC0-301F-11D3-BF4B-00C04F79EFBC}") = "AnotherGoodAPI", "..\AnotherGoodAPI\AnotherGoodAPI.csproj", "{6F1AC737-202D-425C-8BB6-E020D9FE775F}"
EndProject
Project("{FAE04EC0-301F-11D3-BF4B-00C04F79EFBC}") = "GreateNewTests", "..\GreateNewTests\GreateNewTests.csproj", "{F9D26DA0-9E98-49B2-B5F2-A1B61903B63C}"
EndProject
Global
	GlobalSection(SolutionConfigurationPlatforms) = preSolution
		Debug|Any CPU = Debug|Any CPU
		Release|Any CPU = Release|Any CPU
	EndGlobalSection
	GlobalSection(ProjectConfigurationPlatforms) = postSolution
		{BDF31532-5E77-4EBC-BB84-E9EC08724BE5}.Debug|Any CPU.ActiveCfg = Debug|Any CPU
		{BDF31532-5E77-4EBC-BB84-E9EC08724BE5}.Debug|Any CPU.Build.0 = Debug|Any CPU
		{BDF31532-5E77-4EBC-BB84-E9EC08724BE5}.Release|Any CPU.ActiveCfg = Release|Any CPU
		{BDF31532-5E77-4EBC-BB84-E9EC08724BE5}.Release|Any CPU.Build.0 = Release|Any CPU
		{6F1AC737-202D-425C-8BB6-E020D9FE775F}.Debug|Any CPU.ActiveCfg = Debug|Any CPU
		{6F1AC737-202D-425C-8BB6-E020D9FE775F}.Debug|Any CPU.Build.0 = Debug|Any CPU
		{6F1AC737-202D-425C-8BB6-E020D9FE775F}.Release|Any CPU.ActiveCfg = Release|Any CPU
		{6F1AC737-202D-425C-8BB6-E020D9FE775F}.Release|Any CPU.Build.0 = Release|Any CPU
		{F9D26DA0-9E98-49B2-B5F2-A1B61903B63C}.Debug|Any CPU.ActiveCfg = Debug|Any CPU
		{F9D26DA0-9E98-49B2-B5F2-A1B61903B63C}.Debug|Any CPU.Build.0 = Debug|Any CPU
		{F9D26DA0-9E98-49B2-B5F2-A1B61903B63C}.Release|Any CPU.ActiveCfg = Release|Any CPU
		{F9D26DA0-9E98-49B2-B5F2-A1B61903B63C}.Release|Any CPU.Build.0 = Release|Any CPU
	EndGlobalSection
	GlobalSection(SolutionProperties) = preSolution
		HideSolutionNode = FALSE
	EndGlobalSection
	GlobalSection(ExtensibilityGlobals) = postSolution
		SolutionGuid = {26092F0D-6236-496D-AF48-2BC60781D7A5}
	EndGlobalSection
EndGlobal
